
Microsoft Visual Studio Solution File, Format Version 12.00
# Visual Studio Version 17
VisualStudioVersion = 17.14.36414.22
MinimumVisualStudioVersion = 10.0.40219.1
Project("{FAE04EC0-301F-11D3-BF4B-00C04F79EFBC}") = "ejercicio3", "ejercicio3\ejercicio3.csproj", "{F63E3D55-1659-4F69-B667-B4068C3128A8}"
EndProject
Project("{FAE04EC0-301F-11D3-BF4B-00C04F79EFBC}") = "ejercicio6", "ejercicio6\ejercicio6.csproj", "{B9FC8F45-5237-48DC-A910-1A877C4E5D87}"
EndProject
Project("{FAE04EC0-301F-11D3-BF4B-00C04F79EFBC}") = "ejercicio9", "ejercicio9\ejercicio9.csproj", "{27531553-5107-4414-8716-AB77C2715755}"
EndProject
Global
	GlobalSection(SolutionConfigurationPlatforms) = preSolution
		Debug|Any CPU = Debug|Any CPU
		Release|Any CPU = Release|Any CPU
	EndGlobalSection
	GlobalSection(ProjectConfigurationPlatforms) = postSolution
		{F63E3D55-1659-4F69-B667-B4068C3128A8}.Debug|Any CPU.ActiveCfg = Debug|Any CPU
		{F63E3D55-1659-4F69-B667-B4068C3128A8}.Debug|Any CPU.Build.0 = Debug|Any CPU
		{F63E3D55-1659-4F69-B667-B4068C3128A8}.Release|Any CPU.ActiveCfg = Release|Any CPU
		{F63E3D55-1659-4F69-B667-B4068C3128A8}.Release|Any CPU.Build.0 = Release|Any CPU
		{B9FC8F45-5237-48DC-A910-1A877C4E5D87}.Debug|Any CPU.ActiveCfg = Debug|Any CPU
		{B9FC8F45-5237-48DC-A910-1A877C4E5D87}.Debug|Any CPU.Build.0 = Debug|Any CPU
		{B9FC8F45-5237-48DC-A910-1A877C4E5D87}.Release|Any CPU.ActiveCfg = Release|Any CPU
		{B9FC8F45-5237-48DC-A910-1A877C4E5D87}.Release|Any CPU.Build.0 = Release|Any CPU
		{27531553-5107-4414-8716-AB77C2715755}.Debug|Any CPU.ActiveCfg = Debug|Any CPU
		{27531553-5107-4414-8716-AB77C2715755}.Debug|Any CPU.Build.0 = Debug|Any CPU
		{27531553-5107-4414-8716-AB77C2715755}.Release|Any CPU.ActiveCfg = Release|Any CPU
		{27531553-5107-4414-8716-AB77C2715755}.Release|Any CPU.Build.0 = Release|Any CPU
	EndGlobalSection
	GlobalSection(SolutionProperties) = preSolution
		HideSolutionNode = FALSE
	EndGlobalSection
	GlobalSection(ExtensibilityGlobals) = postSolution
		SolutionGuid = {B1B267C1-1752-4EB0-BE6C-B827C462066B}
	EndGlobalSection
EndGlobal
